// !$*UTF8*$!
{
	archiveVersion = 1;
	classes = {
	};
	objectVersion = 46;
	objects = {

/* Begin PBXBuildFile section */
		03CA11E21A8E58F600433F79 /* main.m in Sources */ = {isa = PBXBuildFile; fileRef = 03CA11E11A8E58F600433F79 /* main.m */; };
		03CA11E51A8E58F600433F79 /* AppDelegate.m in Sources */ = {isa = PBXBuildFile; fileRef = 03CA11E41A8E58F600433F79 /* AppDelegate.m */; };
		03CA11E81A8E58F600433F79 /* ViewController.m in Sources */ = {isa = PBXBuildFile; fileRef = 03CA11E71A8E58F600433F79 /* ViewController.m */; };
		03CA11EB1A8E58F600433F79 /* Main.storyboard in Resources */ = {isa = PBXBuildFile; fileRef = 03CA11E91A8E58F600433F79 /* Main.storyboard */; };
		03CA11ED1A8E58F600433F79 /* Images.xcassets in Resources */ = {isa = PBXBuildFile; fileRef = 03CA11EC1A8E58F600433F79 /* Images.xcassets */; };
		03CA11F01A8E58F600433F79 /* LaunchScreen.xib in Resources */ = {isa = PBXBuildFile; fileRef = 03CA11EE1A8E58F600433F79 /* LaunchScreen.xib */; };
		03CA11FC1A8E58F600433F79 /* YingLongProjTests.m in Sources */ = {isa = PBXBuildFile; fileRef = 03CA11FB1A8E58F600433F79 /* YingLongProjTests.m */; };
/* End PBXBuildFile section */

/* Begin PBXContainerItemProxy section */
		03CA11F61A8E58F600433F79 /* PBXContainerItemProxy */ = {
			isa = PBXContainerItemProxy;
			containerPortal = 03CA11D41A8E58F600433F79 /* Project object */;
			proxyType = 1;
			remoteGlobalIDString = 03CA11DB1A8E58F600433F79;
			remoteInfo = YingLongProj;
		};
/* End PBXContainerItemProxy section */

/* Begin PBXFileReference section */
		03CA11DC1A8E58F600433F79 /* YingLongProj.app */ = {isa = PBXFileReference; explicitFileType = wrapper.application; includeInIndex = 0; path = YingLongProj.app; sourceTree = BUILT_PRODUCTS_DIR; };
		03CA11E01A8E58F600433F79 /* Info.plist */ = {isa = PBXFileReference; lastKnownFileType = text.plist.xml; path = Info.plist; sourceTree = "<group>"; };
		03CA11E11A8E58F600433F79 /* main.m */ = {isa = PBXFileReference; lastKnownFileType = sourcecode.c.objc; path = main.m; sourceTree = "<group>"; };
		03CA11E31A8E58F600433F79 /* AppDelegate.h */ = {isa = PBXFileReference; lastKnownFileType = sourcecode.c.h; path = AppDelegate.h; sourceTree = "<group>"; };
		03CA11E41A8E58F600433F79 /* AppDelegate.m */ = {isa = PBXFileReference; lastKnownFileType = sourcecode.c.objc; path = AppDelegate.m; sourceTree = "<group>"; };
		03CA11E61A8E58F600433F79 /* ViewController.h */ = {isa = PBXFileReference; lastKnownFileType = sourcecode.c.h; path = ViewController.h; sourceTree = "<group>"; };
		03CA11E71A8E58F600433F79 /* ViewController.m */ = {isa = PBXFileReference; lastKnownFileType = sourcecode.c.objc; path = ViewController.m; sourceTree = "<group>"; };
		03CA11EA1A8E58F600433F79 /* Base */ = {isa = PBXFileReference; lastKnownFileType = file.storyboard; name = Base; path = Base.lproj/Main.storyboard; sourceTree = "<group>"; };
		03CA11EC1A8E58F600433F79 /* Images.xcassets */ = {isa = PBXFileReference; lastKnownFileType = folder.assetcatalog; path = Images.xcassets; sourceTree = "<group>"; };
		03CA11EF1A8E58F600433F79 /* Base */ = {isa = PBXFileReference; lastKnownFileType = file.xib; name = Base; path = Base.lproj/LaunchScreen.xib; sourceTree = "<group>"; };
		03CA11F51A8E58F600433F79 /* YingLongProjTests.xctest */ = {isa = PBXFileReference; explicitFileType = wrapper.cfbundle; includeInIndex = 0; path = YingLongProjTests.xctest; sourceTree = BUILT_PRODUCTS_DIR; };
		03CA11FA1A8E58F600433F79 /* Info.plist */ = {isa = PBXFileReference; lastKnownFileType = text.plist.xml; path = Info.plist; sourceTree = "<group>"; };
		03CA11FB1A8E58F600433F79 /* YingLongProjTests.m */ = {isa = PBXFileReference; lastKnownFileType = sourcecode.c.objc; path = YingLongProjTests.m; sourceTree = "<group>"; };
/* End PBXFileReference section */

/* Begin PBXFrameworksBuildPhase section */
		03CA11D91A8E58F600433F79 /* Frameworks */ = {
			isa = PBXFrameworksBuildPhase;
			buildActionMask = 2147483647;
			files = (
			);
			runOnlyForDeploymentPostprocessing = 0;
		};
		03CA11F21A8E58F600433F79 /* Frameworks */ = {
			isa = PBXFrameworksBuildPhase;
			buildActionMask = 2147483647;
			files = (
			);
			runOnlyForDeploymentPostprocessing = 0;
		};
/* End PBXFrameworksBuildPhase section */

/* Begin PBXGroup section */
		03CA11D31A8E58F600433F79 = {
			isa = PBXGroup;
			children = (
				03CA11DE1A8E58F600433F79 /* YingLongProj */,
				03CA11F81A8E58F600433F79 /* YingLongProjTests */,
				03CA11DD1A8E58F600433F79 /* Products */,
			);
			sourceTree = "<group>";
		};
		03CA11DD1A8E58F600433F79 /* Products */ = {
			isa = PBXGroup;
			children = (
				03CA11DC1A8E58F600433F79 /* YingLongProj.app */,
				03CA11F51A8E58F600433F79 /* YingLongProjTests.xctest */,
			);
			name = Products;
			sourceTree = "<group>";
		};
		03CA11DE1A8E58F600433F79 /* YingLongProj */ = {
			isa = PBXGroup;
			children = (
				03CA11E31A8E58F600433F79 /* AppDelegate.h */,
				03CA11E41A8E58F600433F79 /* AppDelegate.m */,
				03CA11E61A8E58F600433F79 /* ViewController.h */,
				03CA11E71A8E58F600433F79 /* ViewController.m */,
				03CA11E91A8E58F600433F79 /* Main.storyboard */,
				03CA11EC1A8E58F600433F79 /* Images.xcassets */,
				03CA11EE1A8E58F600433F79 /* LaunchScreen.xib */,
				03CA11DF1A8E58F600433F79 /* Supporting Files */,
			);
			path = YingLongProj;
			sourceTree = "<group>";
		};
		03CA11DF1A8E58F600433F79 /* Supporting Files */ = {
			isa = PBXGroup;
			children = (
				03CA11E01A8E58F600433F79 /* Info.plist */,
				03CA11E11A8E58F600433F79 /* main.m */,
			);
			name = "Supporting Files";
			sourceTree = "<group>";
		};
		03CA11F81A8E58F600433F79 /* YingLongProjTests */ = {
			isa = PBXGroup;
			children = (
				03CA11FB1A8E58F600433F79 /* YingLongProjTests.m */,
				03CA11F91A8E58F600433F79 /* Supporting Files */,
			);
			path = YingLongProjTests;
			sourceTree = "<group>";
		};
		03CA11F91A8E58F600433F79 /* Supporting Files */ = {
			isa = PBXGroup;
			children = (
				03CA11FA1A8E58F600433F79 /* Info.plist */,
			);
			name = "Supporting Files";
			sourceTree = "<group>";
		};
/* End PBXGroup section */

/* Begin PBXNativeTarget section */
		03CA11DB1A8E58F600433F79 /* YingLongProj */ = {
			isa = PBXNativeTarget;
			buildConfigurationList = 03CA11FF1A8E58F600433F79 /* Build configuration list for PBXNativeTarget "YingLongProj" */;
			buildPhases = (
				03CA11D81A8E58F600433F79 /* Sources */,
				03CA11D91A8E58F600433F79 /* Frameworks */,
				03CA11DA1A8E58F600433F79 /* Resources */,
			);
			buildRules = (
			);
			dependencies = (
			);
			name = YingLongProj;
			productName = YingLongProj;
			productReference = 03CA11DC1A8E58F600433F79 /* YingLongProj.app */;
			productType = "com.apple.product-type.application";
		};
		03CA11F41A8E58F600433F79 /* YingLongProjTests */ = {
			isa = PBXNativeTarget;
			buildConfigurationList = 03CA12021A8E58F600433F79 /* Build configuration list for PBXNativeTarget "YingLongProjTests" */;
			buildPhases = (
				03CA11F11A8E58F600433F79 /* Sources */,
				03CA11F21A8E58F600433F79 /* Frameworks */,
				03CA11F31A8E58F600433F79 /* Resources */,
			);
			buildRules = (
			);
			dependencies = (
				03CA11F71A8E58F600433F79 /* PBXTargetDependency */,
			);
			name = YingLongProjTests;
			productName = YingLongProjTests;
			productReference = 03CA11F51A8E58F600433F79 /* YingLongProjTests.xctest */;
			productType = "com.apple.product-type.bundle.unit-test";
		};
/* End PBXNativeTarget section */

/* Begin PBXProject section */
		03CA11D41A8E58F600433F79 /* Project object */ = {
			isa = PBXProject;
			attributes = {
				LastUpgradeCheck = 0610;
				ORGANIZATIONNAME = french.chagrin;
				TargetAttributes = {
					03CA11DB1A8E58F600433F79 = {
						CreatedOnToolsVersion = 6.1.1;
					};
					03CA11F41A8E58F600433F79 = {
						CreatedOnToolsVersion = 6.1.1;
						TestTargetID = 03CA11DB1A8E58F600433F79;
					};
				};
			};
			buildConfigurationList = 03CA11D71A8E58F600433F79 /* Build configuration list for PBXProject "YingLongProj" */;
			compatibilityVersion = "Xcode 3.2";
			developmentRegion = English;
			hasScannedForEncodings = 0;
			knownRegions = (
				en,
				Base,
			);
			mainGroup = 03CA11D31A8E58F600433F79;
			productRefGroup = 03CA11DD1A8E58F600433F79 /* Products */;
			projectDirPath = "";
			projectRoot = "";
			targets = (
				03CA11DB1A8E58F600433F79 /* YingLongProj */,
				03CA11F41A8E58F600433F79 /* YingLongProjTests */,
			);
		};
/* End PBXProject section */

/* Begin PBXResourcesBuildPhase section */
		03CA11DA1A8E58F600433F79 /* Resources */ = {
			isa = PBXResourcesBuildPhase;
			buildActionMask = 2147483647;
			files = (
				03CA11EB1A8E58F600433F79 /* Main.storyboard in Resources */,
				03CA11F01A8E58F600433F79 /* LaunchScreen.xib in Resources */,
				03CA11ED1A8E58F600433F79 /* Images.xcassets in Resources */,
			);
			runOnlyForDeploymentPostprocessing = 0;
		};
		03CA11F31A8E58F600433F79 /* Resources */ = {
			isa = PBXResourcesBuildPhase;
			buildActionMask = 2147483647;
			files = (
			);
			runOnlyForDeploymentPostprocessing = 0;
		};
/* End PBXResourcesBuildPhase section */

/* Begin PBXSourcesBuildPhase section */
		03CA11D81A8E58F600433F79 /* Sources */ = {
			isa = PBXSourcesBuildPhase;
			buildActionMask = 2147483647;
			files = (
				03CA11E81A8E58F600433F79 /* ViewController.m in Sources */,
				03CA11E51A8E58F600433F79 /* AppDelegate.m in Sources */,
				03CA11E21A8E58F600433F79 /* main.m in Sources */,
			);
			runOnlyForDeploymentPostprocessing = 0;
		};
		03CA11F11A8E58F600433F79 /* Sources */ = {
			isa = PBXSourcesBuildPhase;
			buildActionMask = 2147483647;
			files = (
				03CA11FC1A8E58F600433F79 /* YingLongProjTests.m in Sources */,
			);
			runOnlyForDeploymentPostprocessing = 0;
		};
/* End PBXSourcesBuildPhase section */

/* Begin PBXTargetDependency section */
		03CA11F71A8E58F600433F79 /* PBXTargetDependency */ = {
			isa = PBXTargetDependency;
			target = 03CA11DB1A8E58F600433F79 /* YingLongProj */;
			targetProxy = 03CA11F61A8E58F600433F79 /* PBXContainerItemProxy */;
		};
/* End PBXTargetDependency section */

/* Begin PBXVariantGroup section */
		03CA11E91A8E58F600433F79 /* Main.storyboard */ = {
			isa = PBXVariantGroup;
			children = (
				03CA11EA1A8E58F600433F79 /* Base */,
			);
			name = Main.storyboard;
			sourceTree = "<group>";
		};
		03CA11EE1A8E58F600433F79 /* LaunchScreen.xib */ = {
			isa = PBXVariantGroup;
			children = (
				03CA11EF1A8E58F600433F79 /* Base */,
			);
			name = LaunchScreen.xib;
			sourceTree = "<group>";
		};
/* End PBXVariantGroup section */

/* Begin XCBuildConfiguration section */
		03CA11FD1A8E58F600433F79 /* Debug */ = {
			isa = XCBuildConfiguration;
			buildSettings = {
				ALWAYS_SEARCH_USER_PATHS = NO;
				CLANG_CXX_LANGUAGE_STANDARD = "gnu++0x";
				CLANG_CXX_LIBRARY = "libc++";
				CLANG_ENABLE_MODULES = YES;
				CLANG_ENABLE_OBJC_ARC = YES;
				CLANG_WARN_BOOL_CONVERSION = YES;
				CLANG_WARN_CONSTANT_CONVERSION = YES;
				CLANG_WARN_DIRECT_OBJC_ISA_USAGE = YES_ERROR;
				CLANG_WARN_EMPTY_BODY = YES;
				CLANG_WARN_ENUM_CONVERSION = YES;
				CLANG_WARN_INT_CONVERSION = YES;
				CLANG_WARN_OBJC_ROOT_CLASS = YES_ERROR;
				CLANG_WARN_UNREACHABLE_CODE = YES;
				CLANG_WARN__DUPLICATE_METHOD_MATCH = YES;
				"CODE_SIGN_IDENTITY[sdk=iphoneos*]" = "iPhone Developer";
				COPY_PHASE_STRIP = NO;
				ENABLE_STRICT_OBJC_MSGSEND = YES;
				GCC_C_LANGUAGE_STANDARD = gnu99;
				GCC_DYNAMIC_NO_PIC = NO;
				GCC_OPTIMIZATION_LEVEL = 0;
				GCC_PREPROCESSOR_DEFINITIONS = (
					"DEBUG=1",
					"$(inherited)",
				);
				GCC_SYMBOLS_PRIVATE_EXTERN = NO;
				GCC_WARN_64_TO_32_BIT_CONVERSION = YES;
				GCC_WARN_ABOUT_RETURN_TYPE = YES_ERROR;
				GCC_WARN_UNDECLARED_SELECTOR = YES;
				GCC_WARN_UNINITIALIZED_AUTOS = YES_AGGRESSIVE;
				GCC_WARN_UNUSED_FUNCTION = YES;
				GCC_WARN_UNUSED_VARIABLE = YES;
				IPHONEOS_DEPLOYMENT_TARGET = 8.1;
				MTL_ENABLE_DEBUG_INFO = YES;
				ONLY_ACTIVE_ARCH = YES;
				SDKROOT = iphoneos;
			};
			name = Debug;
		};
		03CA11FE1A8E58F600433F79 /* Release */ = {
			isa = XCBuildConfiguration;
			buildSettings = {
				ALWAYS_SEARCH_USER_PATHS = NO;
				CLANG_CXX_LANGUAGE_STANDARD = "gnu++0x";
				CLANG_CXX_LIBRARY = "libc++";
				CLANG_ENABLE_MODULES = YES;
				CLANG_ENABLE_OBJC_ARC = YES;
				CLANG_WARN_BOOL_CONVERSION = YES;
				CLANG_WARN_CONSTANT_CONVERSION = YES;
				CLANG_WARN_DIRECT_OBJC_ISA_USAGE = YES_ERROR;
				CLANG_WARN_EMPTY_BODY = YES;
				CLANG_WARN_ENUM_CONVERSION = YES;
				CLANG_WARN_INT_CONVERSION = YES;
				CLANG_WARN_OBJC_ROOT_CLASS = YES_ERROR;
				CLANG_WARN_UNREACHABLE_CODE = YES;
				CLANG_WARN__DUPLICATE_METHOD_MATCH = YES;
				"CODE_SIGN_IDENTITY[sdk=iphoneos*]" = "iPhone Developer";
				COPY_PHASE_STRIP = YES;
				ENABLE_NS_ASSERTIONS = NO;
				ENABLE_STRICT_OBJC_MSGSEND = YES;
				GCC_C_LANGUAGE_STANDARD = gnu99;
				GCC_WARN_64_TO_32_BIT_CONVERSION = YES;
				GCC_WARN_ABOUT_RETURN_TYPE = YES_ERROR;
				GCC_WARN_UNDECLARED_SELECTOR = YES;
				GCC_WARN_UNINITIALIZED_AUTOS = YES_AGGRESSIVE;
				GCC_WARN_UNUSED_FUNCTION = YES;
				GCC_WARN_UNUSED_VARIABLE = YES;
				IPHONEOS_DEPLOYMENT_TARGET = 8.1;
				MTL_ENABLE_DEBUG_INFO = NO;
				SDKROOT = iphoneos;
				VALIDATE_PRODUCT = YES;
			};
			name = Release;
		};
		03CA12001A8E58F600433F79 /* Debug */ = {
			isa = XCBuildConfiguration;
			buildSettings = {
				ASSETCATALOG_COMPILER_APPICON_NAME = AppIcon;
				INFOPLIST_FILE = YingLongProj/Info.plist;
				LD_RUNPATH_SEARCH_PATHS = "$(inherited) @executable_path/Frameworks";
				PRODUCT_NAME = "$(TARGET_NAME)";
			};
			name = Debug;
		};
		03CA12011A8E58F600433F79 /* Release */ = {
			isa = XCBuildConfiguration;
			buildSettings = {
				ASSETCATALOG_COMPILER_APPICON_NAME = AppIcon;
				INFOPLIST_FILE = YingLongProj/Info.plist;
				LD_RUNPATH_SEARCH_PATHS = "$(inherited) @executable_path/Frameworks";
				PRODUCT_NAME = "$(TARGET_NAME)";
			};
			name = Release;
		};
		03CA12031A8E58F600433F79 /* Debug */ = {
			isa = XCBuildConfiguration;
			buildSettings = {
				BUNDLE_LOADER = "$(TEST_HOST)";
				FRAMEWORK_SEARCH_PATHS = (
					"$(SDKROOT)/Developer/Library/Frameworks",
					"$(inherited)",
				);
				GCC_PREPROCESSOR_DEFINITIONS = (
					"DEBUG=1",
					"$(inherited)",
				);
				INFOPLIST_FILE = YingLongProjTests/Info.plist;
				LD_RUNPATH_SEARCH_PATHS = "$(inherited) @executable_path/Frameworks @loader_path/Frameworks";
				PRODUCT_NAME = "$(TARGET_NAME)";
				TEST_HOST = "$(BUILT_PRODUCTS_DIR)/YingLongProj.app/YingLongProj";
			};
			name = Debug;
		};
		03CA12041A8E58F600433F79 /* Release */ = {
			isa = XCBuildConfiguration;
			buildSettings = {
				BUNDLE_LOADER = "$(TEST_HOST)";
				FRAMEWORK_SEARCH_PATHS = (
					"$(SDKROOT)/Developer/Library/Frameworks",
					"$(inherited)",
				);
				INFOPLIST_FILE = YingLongProjTests/Info.plist;
				LD_RUNPATH_SEARCH_PATHS = "$(inherited) @executable_path/Frameworks @loader_path/Frameworks";
				PRODUCT_NAME = "$(TARGET_NAME)";
				TEST_HOST = "$(BUILT_PRODUCTS_DIR)/YingLongProj.app/YingLongProj";
			};
			name = Release;
		};
/* End XCBuildConfiguration section */

/* Begin XCConfigurationList section */
		03CA11D71A8E58F600433F79 /* Build configuration list for PBXProject "YingLongProj" */ = {
			isa = XCConfigurationList;
			buildConfigurations = (
				03CA11FD1A8E58F600433F79 /* Debug */,
				03CA11FE1A8E58F600433F79 /* Release */,
			);
			defaultConfigurationIsVisible = 0;
			defaultConfigurationName = Release;
		};
		03CA11FF1A8E58F600433F79 /* Build configuration list for PBXNativeTarget "YingLongProj" */ = {
			isa = XCConfigurationList;
			buildConfigurations = (
				03CA12001A8E58F600433F79 /* Debug */,
				03CA12011A8E58F600433F79 /* Release */,
			);
			defaultConfigurationIsVisible = 0;
		};
		03CA12021A8E58F600433F79 /* Build configuration list for PBXNativeTarget "YingLongProjTests" */ = {
			isa = XCConfigurationList;
			buildConfigurations = (
				03CA12031A8E58F600433F79 /* Debug */,
				03CA12041A8E58F600433F79 /* Release */,
			);
			defaultConfigurationIsVisible = 0;
		};
/* End XCConfigurationList section */
	};
	rootObject = 03CA11D41A8E58F600433F79 /* Project object */;
}
